# This file is automatically @generated by Cargo.
# It is not intended for manual editing.
version = 4

[[package]]
name = "zelduh-assets"
version = "0.1.0"
dependencies = [
 "zelduh-core",
]

[[package]]
name = "zelduh-cli"
version = "0.1.0"
dependencies = [
 "zelduh-assets",
 "zelduh-core",
 "zelduh-gen",
 "zelduh-render",
]

[[package]]
name = "zelduh-core"
version = "0.1.0"

[[package]]
name = "zelduh-gen"
version = "0.1.0"
dependencies = [
 "zelduh-core",
]

[[package]]
name = "zelduh-render"
version = "0.1.0"
dependencies = [
 "zelduh-assets",
 "zelduh-core",
]

[[package]]
name = "zelduh-server"
version = "0.1.0"
dependencies = [
 "zelduh-core",
 "zelduh-gen",
]

[[package]]
name = "zelduh-wasm"
version = "0.1.0"
dependencies = [
 "zelduh-assets",
 "zelduh-core",
 "zelduh-gen",
 "zelduh-render",
]
